# THIS IS AN AUTOGENERATED FILE. DO NOT EDIT THIS FILE DIRECTLY.
# yarn lockfile v1


"@faker-js/faker@^7.6.0":
  version "7.6.0"
  resolved "https://registry.yarnpkg.com/@faker-js/faker/-/faker-7.6.0.tgz#9ea331766084288634a9247fcd8b84f16ff4ba07"
  integrity sha512-XK6BTq1NDMo9Xqw/YkYyGjSsg44fbNwYRx7QK2CuoQgyy+f1rrTDHoExVM5PsyXCtfl2vs2vVJ0MN0yN6LppRw==

"@fast-csv/format@4.3.5":
  version "4.3.5"
  resolved "https://registry.yarnpkg.com/@fast-csv/format/-/format-4.3.5.tgz#90d83d1b47b6aaf67be70d6118f84f3e12ee1ff3"
  integrity sha512-8iRn6QF3I8Ak78lNAa+Gdl5MJJBM5vRHivFtMRUWINdevNo00K7OXxS2PshawLKTejVwieIlPmK5YlLu6w4u8A==
  dependencies:
    "@types/node" "^14.0.1"
    lodash.escaperegexp "^4.1.2"
    lodash.isboolean "^3.0.3"
    lodash.isequal "^4.5.0"
    lodash.isfunction "^3.0.9"
    lodash.isnil "^4.0.0"

"@fast-csv/parse@4.3.6":
  version "4.3.6"
  resolved "https://registry.yarnpkg.com/@fast-csv/parse/-/parse-4.3.6.tgz#ee47d0640ca0291034c7aa94039a744cfb019264"
  integrity sha512-uRsLYksqpbDmWaSmzvJcuApSEe38+6NQZBUsuAyMZKqHxH0g1wcJgsKUvN3WC8tewaqFjBMMGrkHmC+T7k8LvA==
  dependencies:
    "@types/node" "^14.0.1"
    lodash.escaperegexp "^4.1.2"
    lodash.groupby "^4.6.0"
    lodash.isfunction "^3.0.9"
    lodash.isnil "^4.0.0"
    lodash.isundefined "^3.0.1"
    lodash.uniq "^4.5.0"

"@types/node@^14.0.1":
  version "14.18.42"
  resolved "https://registry.yarnpkg.com/@types/node/-/node-14.18.42.tgz#fa39b2dc8e0eba61bdf51c66502f84e23b66e114"
  integrity sha512-xefu+RBie4xWlK8hwAzGh3npDz/4VhF6icY/shU+zv/1fNn+ZVG7T7CRwe9LId9sAYRPxI+59QBPuKL3WpyGRg==

csv-generate@^4.2.2:
  version "4.2.2"
  resolved "https://registry.yarnpkg.com/csv-generate/-/csv-generate-4.2.2.tgz#b0ae1dca9f608fb8dfbb9df32949652d8f583ade"
  integrity sha512-Ah/NcMxHMqwQsuL173yp8EOzHrbLh8iyScqTy990b+TJZNjHhy7gs5FfSmyQ2arLC2QVrueO3DYJVQnibJB3WQ==

csv-parse@^5.3.6:
  version "5.3.6"
  resolved "https://registry.yarnpkg.com/csv-parse/-/csv-parse-5.3.6.tgz#181d7c12300a60684bb51261ea9a5c3135ba8688"
  integrity sha512-WI330GjCuEioK/ii8HM2YE/eV+ynpeLvU+RXw4R8bRU8R0laK5zO3fDsc4gH8s472e3Ga38rbIjCAiQh+tEHkw==

csv-parser@^3.0.0:
  version "3.0.0"
  resolved "https://registry.yarnpkg.com/csv-parser/-/csv-parser-3.0.0.tgz#b88a6256d79e090a97a1b56451f9327b01d710e7"
  integrity sha512-s6OYSXAK3IdKqYO33y09jhypG/bSDHPuyCme/IdEHfWpLf/jKcpitVFyOC6UemgGk8v7Q5u2XE0vvwmanxhGlQ==
  dependencies:
    minimist "^1.2.0"

csv-stringify@^6.3.0:
  version "6.3.0"
  resolved "https://registry.yarnpkg.com/csv-stringify/-/csv-stringify-6.3.0.tgz#21ae523c5c0b25f16d8625bde45dc1b4b5b77eb0"
  integrity sha512-kTnnBkkLmAR1G409aUdShppWUClNbBQZXhrKrXzKYBGw4yfROspiFvVmjbKonCrdGfwnqwMXKLQG7ej7K/jwjg==

csv@^6.2.8:
  version "6.2.8"
  resolved "https://registry.yarnpkg.com/csv/-/csv-6.2.8.tgz#0eb831a4e0c64794ccd2990e5ddb5148b22d57a0"
  integrity sha512-QGemEqFr5XgbHcufWwO+qnReFhClbd+6WywKDVqEXmRfGrJHl5fRrlphZUnsky2YAwcCxYJJilPUfaWbuBMfWA==
  dependencies:
    csv-generate "^4.2.2"
    csv-parse "^5.3.6"
    csv-stringify "^6.3.0"
    stream-transform "^3.2.2"

fast-csv@^4.3.6:
  version "4.3.6"
  resolved "https://registry.yarnpkg.com/fast-csv/-/fast-csv-4.3.6.tgz#70349bdd8fe4d66b1130d8c91820b64a21bc4a63"
  integrity sha512-2RNSpuwwsJGP0frGsOmTb9oUF+VkFSM4SyLTDgwf2ciHWTarN0lQTC+F2f/t5J9QjW+c65VFIAAu85GsvMIusw==
  dependencies:
    "@fast-csv/format" "4.3.5"
    "@fast-csv/parse" "4.3.6"

lodash.escaperegexp@^4.1.2:
  version "4.1.2"
  resolved "https://registry.yarnpkg.com/lodash.escaperegexp/-/lodash.escaperegexp-4.1.2.tgz#64762c48618082518ac3df4ccf5d5886dae20347"
  integrity sha512-TM9YBvyC84ZxE3rgfefxUWiQKLilstD6k7PTGt6wfbtXF8ixIJLOL3VYyV/z+ZiPLsVxAsKAFVwWlWeb2Y8Yyw==

lodash.groupby@^4.6.0:
  version "4.6.0"
  resolved "https://registry.yarnpkg.com/lodash.groupby/-/lodash.groupby-4.6.0.tgz#0b08a1dcf68397c397855c3239783832df7403d1"
  integrity sha512-5dcWxm23+VAoz+awKmBaiBvzox8+RqMgFhi7UvX9DHZr2HdxHXM/Wrf8cfKpsW37RNrvtPn6hSwNqurSILbmJw==

lodash.isboolean@^3.0.3:
  version "3.0.3"
  resolved "https://registry.yarnpkg.com/lodash.isboolean/-/lodash.isboolean-3.0.3.tgz#6c2e171db2a257cd96802fd43b01b20d5f5870f6"
  integrity sha512-Bz5mupy2SVbPHURB98VAcw+aHh4vRV5IPNhILUCsOzRmsTmSQ17jIuqopAentWoehktxGd9e/hbIXq980/1QJg==

lodash.isequal@^4.5.0:
  version "4.5.0"
  resolved "https://registry.yarnpkg.com/lodash.isequal/-/lodash.isequal-4.5.0.tgz#415c4478f2bcc30120c22ce10ed3226f7d3e18e0"
  integrity sha512-pDo3lu8Jhfjqls6GkMgpahsF9kCyayhgykjyLMNFTKWrpVdAQtYyB4muAMWozBB4ig/dtWAmsMxLEI8wuz+DYQ==

lodash.isfunction@^3.0.9:
  version "3.0.9"
  resolved "https://registry.yarnpkg.com/lodash.isfunction/-/lodash.isfunction-3.0.9.tgz#06de25df4db327ac931981d1bdb067e5af68d051"
  integrity sha512-AirXNj15uRIMMPihnkInB4i3NHeb4iBtNg9WRWuK2o31S+ePwwNmDPaTL3o7dTJ+VXNZim7rFs4rxN4YU1oUJw==

lodash.isnil@^4.0.0:
  version "4.0.0"
  resolved "https://registry.yarnpkg.com/lodash.isnil/-/lodash.isnil-4.0.0.tgz#49e28cd559013458c814c5479d3c663a21bfaa6c"
  integrity sha512-up2Mzq3545mwVnMhTDMdfoG1OurpA/s5t88JmQX809eH3C8491iu2sfKhTfhQtKY78oPNhiaHJUpT/dUDAAtng==

lodash.isundefined@^3.0.1:
  version "3.0.1"
  resolved "https://registry.yarnpkg.com/lodash.isundefined/-/lodash.isundefined-3.0.1.tgz#23ef3d9535565203a66cefd5b830f848911afb48"
  integrity sha512-MXB1is3s899/cD8jheYYE2V9qTHwKvt+npCwpD+1Sxm3Q3cECXCiYHjeHWXNwr6Q0SOBPrYUDxendrO6goVTEA==

lodash.uniq@^4.5.0:
  version "4.5.0"
  resolved "https://registry.yarnpkg.com/lodash.uniq/-/lodash.uniq-4.5.0.tgz#d0225373aeb652adc1bc82e4945339a842754773"
  integrity sha512-xfBaXQd9ryd9dlSDvnvI0lvxfLJlYAZzXomUYzLKtUeOQvOP5piqAWuGtrhWeqaXK9hhoM/iyJc5AV+XfsX3HQ==

minimist@^1.2.0:
  version "1.2.8"
  resolved "https://registry.yarnpkg.com/minimist/-/minimist-1.2.8.tgz#c1a464e7693302e082a075cee0c057741ac4772c"
  integrity sha512-2yyAR8qBkN3YuheJanUpWC5U3bb5osDywNB8RzDVlDwDHbocAJveqqj1u8+SVD7jkWT4yvsHCpWqqWqAxb0zCA==

stream-transform@^3.2.2:
  version "3.2.2"
  resolved "https://registry.yarnpkg.com/stream-transform/-/stream-transform-3.2.2.tgz#3d6083d6582eddac233645fcee574fc56ebeb184"
  integrity sha512-DHZQPNxvjU2qdQlGcpitn8pkJHQVTqdshtgXaLz6Vc5VCAognbGuuwGS5ugeqGVnyw8j4h89QcV8cwm0D1+V0A==

uuid@^9.0.0:
  version "9.0.0"
  resolved "https://registry.yarnpkg.com/uuid/-/uuid-9.0.0.tgz#592f550650024a38ceb0c562f2f6aa435761efb5"
  integrity sha512-MXcSTerfPa4uqyzStbRoTgt5XIe3x5+42+q1sDuy3R5MDk66URdLMOZe5aPX/SQd+kuYAh0FdP/pO28IkQyTeg==
